
Microsoft Visual Studio Solution File, Format Version 12.00
# Visual Studio Version 17
VisualStudioVersion = 17.0.32112.339
MinimumVisualStudioVersion = 15.0.26124.0
Project("{9A19103F-16F7-4668-BE54-9A1E7A4F7556}") = "NuttyTree.NetDaemon.Tests", "tests\NuttyTree.NetDaemon.Tests\NuttyTree.NetDaemon.Tests.csproj", "{E279326D-AFA5-4304-8681-A908AACEA4C5}"
EndProject
Project("{9A19103F-16F7-4668-BE54-9A1E7A4F7556}") = "NuttyTree.NetDaemon", "src\NuttyTree.NetDaemon\NuttyTree.NetDaemon.csproj", "{C2025AB6-AF06-460A-9081-A798BCD36F19}"
EndProject
Project("{2150E333-8FDC-42A3-9474-1A3956D46DE8}") = "tests", "tests", "{1E435BC4-B53F-4707-AADF-8D4DFDB2D1E9}"
EndProject
Project("{2150E333-8FDC-42A3-9474-1A3956D46DE8}") = "build", "build", "{08A2828C-5FD1-4917-B92E-A65EB0BC182C}"
	ProjectSection(SolutionItems) = preProject
		build\Dockerfile = build\Dockerfile
	EndProjectSection
EndProject
Project("{9A19103F-16F7-4668-BE54-9A1E7A4F7556}") = "NuttyTree.NetDaemon.Waze", "src\NuttyTree.NetDaemon.Waze\NuttyTree.NetDaemon.Waze.csproj", "{0BD38DFD-4E47-4CC4-8342-66D70230CA8C}"
EndProject
Project("{FAE04EC0-301F-11D3-BF4B-00C04F79EFBC}") = "NuttyTree.NetDaemon.ExternalServices", "src\NuttyTree.NetDaemon.ExternalServices\NuttyTree.NetDaemon.ExternalServices.csproj", "{47B3C9D7-2715-4CFF-A529-55EB3B16DF7D}"
EndProject
Global
	GlobalSection(SolutionConfigurationPlatforms) = preSolution
		Debug|Any CPU = Debug|Any CPU
		Debug|x64 = Debug|x64
		Debug|x86 = Debug|x86
		Release|Any CPU = Release|Any CPU
		Release|x64 = Release|x64
		Release|x86 = Release|x86
	EndGlobalSection
	GlobalSection(ProjectConfigurationPlatforms) = postSolution
		{E279326D-AFA5-4304-8681-A908AACEA4C5}.Debug|Any CPU.ActiveCfg = Debug|Any CPU
		{E279326D-AFA5-4304-8681-A908AACEA4C5}.Debug|Any CPU.Build.0 = Debug|Any CPU
		{E279326D-AFA5-4304-8681-A908AACEA4C5}.Debug|x64.ActiveCfg = Debug|Any CPU
		{E279326D-AFA5-4304-8681-A908AACEA4C5}.Debug|x64.Build.0 = Debug|Any CPU
		{E279326D-AFA5-4304-8681-A908AACEA4C5}.Debug|x86.ActiveCfg = Debug|Any CPU
		{E279326D-AFA5-4304-8681-A908AACEA4C5}.Debug|x86.Build.0 = Debug|Any CPU
		{E279326D-AFA5-4304-8681-A908AACEA4C5}.Release|Any CPU.ActiveCfg = Release|Any CPU
		{E279326D-AFA5-4304-8681-A908AACEA4C5}.Release|Any CPU.Build.0 = Release|Any CPU
		{E279326D-AFA5-4304-8681-A908AACEA4C5}.Release|x64.ActiveCfg = Release|Any CPU
		{E279326D-AFA5-4304-8681-A908AACEA4C5}.Release|x64.Build.0 = Release|Any CPU
		{E279326D-AFA5-4304-8681-A908AACEA4C5}.Release|x86.ActiveCfg = Release|Any CPU
		{E279326D-AFA5-4304-8681-A908AACEA4C5}.Release|x86.Build.0 = Release|Any CPU
		{C2025AB6-AF06-460A-9081-A798BCD36F19}.Debug|Any CPU.ActiveCfg = Debug|Any CPU
		{C2025AB6-AF06-460A-9081-A798BCD36F19}.Debug|Any CPU.Build.0 = Debug|Any CPU
		{C2025AB6-AF06-460A-9081-A798BCD36F19}.Debug|x64.ActiveCfg = Debug|Any CPU
		{C2025AB6-AF06-460A-9081-A798BCD36F19}.Debug|x64.Build.0 = Debug|Any CPU
		{C2025AB6-AF06-460A-9081-A798BCD36F19}.Debug|x86.ActiveCfg = Debug|Any CPU
		{C2025AB6-AF06-460A-9081-A798BCD36F19}.Debug|x86.Build.0 = Debug|Any CPU
		{C2025AB6-AF06-460A-9081-A798BCD36F19}.Release|Any CPU.ActiveCfg = Release|Any CPU
		{C2025AB6-AF06-460A-9081-A798BCD36F19}.Release|Any CPU.Build.0 = Release|Any CPU
		{C2025AB6-AF06-460A-9081-A798BCD36F19}.Release|x64.ActiveCfg = Release|Any CPU
		{C2025AB6-AF06-460A-9081-A798BCD36F19}.Release|x64.Build.0 = Release|Any CPU
		{C2025AB6-AF06-460A-9081-A798BCD36F19}.Release|x86.ActiveCfg = Release|Any CPU
		{C2025AB6-AF06-460A-9081-A798BCD36F19}.Release|x86.Build.0 = Release|Any CPU
		{0BD38DFD-4E47-4CC4-8342-66D70230CA8C}.Debug|Any CPU.ActiveCfg = Debug|Any CPU
		{0BD38DFD-4E47-4CC4-8342-66D70230CA8C}.Debug|Any CPU.Build.0 = Debug|Any CPU
		{0BD38DFD-4E47-4CC4-8342-66D70230CA8C}.Debug|x64.ActiveCfg = Debug|Any CPU
		{0BD38DFD-4E47-4CC4-8342-66D70230CA8C}.Debug|x64.Build.0 = Debug|Any CPU
		{0BD38DFD-4E47-4CC4-8342-66D70230CA8C}.Debug|x86.ActiveCfg = Debug|Any CPU
		{0BD38DFD-4E47-4CC4-8342-66D70230CA8C}.Debug|x86.Build.0 = Debug|Any CPU
		{0BD38DFD-4E47-4CC4-8342-66D70230CA8C}.Release|Any CPU.ActiveCfg = Release|Any CPU
		{0BD38DFD-4E47-4CC4-8342-66D70230CA8C}.Release|Any CPU.Build.0 = Release|Any CPU
		{0BD38DFD-4E47-4CC4-8342-66D70230CA8C}.Release|x64.ActiveCfg = Release|Any CPU
		{0BD38DFD-4E47-4CC4-8342-66D70230CA8C}.Release|x64.Build.0 = Release|Any CPU
		{0BD38DFD-4E47-4CC4-8342-66D70230CA8C}.Release|x86.ActiveCfg = Release|Any CPU
		{0BD38DFD-4E47-4CC4-8342-66D70230CA8C}.Release|x86.Build.0 = Release|Any CPU
		{47B3C9D7-2715-4CFF-A529-55EB3B16DF7D}.Debug|Any CPU.ActiveCfg = Debug|Any CPU
		{47B3C9D7-2715-4CFF-A529-55EB3B16DF7D}.Debug|Any CPU.Build.0 = Debug|Any CPU
		{47B3C9D7-2715-4CFF-A529-55EB3B16DF7D}.Debug|x64.ActiveCfg = Debug|Any CPU
		{47B3C9D7-2715-4CFF-A529-55EB3B16DF7D}.Debug|x64.Build.0 = Debug|Any CPU
		{47B3C9D7-2715-4CFF-A529-55EB3B16DF7D}.Debug|x86.ActiveCfg = Debug|Any CPU
		{47B3C9D7-2715-4CFF-A529-55EB3B16DF7D}.Debug|x86.Build.0 = Debug|Any CPU
		{47B3C9D7-2715-4CFF-A529-55EB3B16DF7D}.Release|Any CPU.ActiveCfg = Release|Any CPU
		{47B3C9D7-2715-4CFF-A529-55EB3B16DF7D}.Release|Any CPU.Build.0 = Release|Any CPU
		{47B3C9D7-2715-4CFF-A529-55EB3B16DF7D}.Release|x64.ActiveCfg = Release|Any CPU
		{47B3C9D7-2715-4CFF-A529-55EB3B16DF7D}.Release|x64.Build.0 = Release|Any CPU
		{47B3C9D7-2715-4CFF-A529-55EB3B16DF7D}.Release|x86.ActiveCfg = Release|Any CPU
		{47B3C9D7-2715-4CFF-A529-55EB3B16DF7D}.Release|x86.Build.0 = Release|Any CPU
	EndGlobalSection
	GlobalSection(SolutionProperties) = preSolution
		HideSolutionNode = FALSE
	EndGlobalSection
	GlobalSection(NestedProjects) = preSolution
		{E279326D-AFA5-4304-8681-A908AACEA4C5} = {1E435BC4-B53F-4707-AADF-8D4DFDB2D1E9}
	EndGlobalSection
	GlobalSection(ExtensibilityGlobals) = postSolution
		SolutionGuid = {9434E1A6-7C71-46DF-A1E2-A23F2F6CB3BF}
	EndGlobalSection
EndGlobal
